
Microsoft Visual Studio Solution File, Format Version 12.00
# Visual Studio Version 17
VisualStudioVersion = 17.14.37216.2
MinimumVisualStudioVersion = 10.0.40219.1
Project("{FAE04EC0-301F-11D3-BF4B-00C04F79EFBC}") = "SupportIncidentTrackingSys", "SupportIncidentTrackingSys\SupportIncidentTrackingSys.csproj", "{BD427736-D89B-46D9-A94C-8FE5E1ED5ED3}"
EndProject
Global
	GlobalSection(SolutionConfigurationPlatforms) = preSolution
		Debug|Any CPU = Debug|Any CPU
		Release|Any CPU = Release|Any CPU
	EndGlobalSection
	GlobalSection(ProjectConfigurationPlatforms) = postSolution
		{BD427736-D89B-46D9-A94C-8FE5E1ED5ED3}.Debug|Any CPU.ActiveCfg = Release|Any CPU
		{BD427736-D89B-46D9-A94C-8FE5E1ED5ED3}.Debug|Any CPU.Build.0 = Release|Any CPU
		{BD427736-D89B-46D9-A94C-8FE5E1ED5ED3}.Release|Any CPU.ActiveCfg = Release|Any CPU
		{BD427736-D89B-46D9-A94C-8FE5E1ED5ED3}.Release|Any CPU.Build.0 = Release|Any CPU
	EndGlobalSection
	GlobalSection(SolutionProperties) = preSolution
		HideSolutionNode = FALSE
	EndGlobalSection
	GlobalSection(ExtensibilityGlobals) = postSolution
		SolutionGuid = {21A9EC00-4B88-47BB-A1EA-5E5BD7B3000F}
	EndGlobalSection
EndGlobal
